# This file is automatically @generated by Cargo.
# It is not intended for manual editing.
version = 4

[[package]]
name = "hc-cache"
version = "0.1.0"

[[package]]
name = "hc-feature-encode"
version = "0.1.0"

[[package]]
name = "hc-gemv"
version = "0.1.0"

[[package]]
name = "hc-kernels"
version = "0.1.0"
dependencies = [
 "hc-cache",
 "hc-feature-encode",
 "hc-gemv",
 "hc-vector-cosine",
]

[[package]]
name = "hc-vector-cosine"
version = "0.1.0"
